
Microsoft Visual Studio Solution File, Format Version 12.00
# Visual Studio Version 17
VisualStudioVersion = 17.14.36202.13 d17.14
MinimumVisualStudioVersion = 10.0.40219.1
Project("{FAE04EC0-301F-11D3-BF4B-00C04F79EFBC}") = "ClientApp", "ClientApp\ClientApp.csproj", "{B82CC7F1-7C52-4B3F-AC48-E031BE4C6650}"
EndProject
Project("{FAE04EC0-301F-11D3-BF4B-00C04F79EFBC}") = "ServerApp", "ServerApp\ServerApp.csproj", "{AF0BF906-3FEF-488E-A735-E3C8F2CADCE1}"
EndProject
Global
	GlobalSection(SolutionConfigurationPlatforms) = preSolution
		Debug|Any CPU = Debug|Any CPU
		Release|Any CPU = Release|Any CPU
	EndGlobalSection
	GlobalSection(ProjectConfigurationPlatforms) = postSolution
		{B82CC7F1-7C52-4B3F-AC48-E031BE4C6650}.Debug|Any CPU.ActiveCfg = Debug|Any CPU
		{B82CC7F1-7C52-4B3F-AC48-E031BE4C6650}.Debug|Any CPU.Build.0 = Debug|Any CPU
		{B82CC7F1-7C52-4B3F-AC48-E031BE4C6650}.Release|Any CPU.ActiveCfg = Release|Any CPU
		{B82CC7F1-7C52-4B3F-AC48-E031BE4C6650}.Release|Any CPU.Build.0 = Release|Any CPU
		{AF0BF906-3FEF-488E-A735-E3C8F2CADCE1}.Debug|Any CPU.ActiveCfg = Debug|Any CPU
		{AF0BF906-3FEF-488E-A735-E3C8F2CADCE1}.Debug|Any CPU.Build.0 = Debug|Any CPU
		{AF0BF906-3FEF-488E-A735-E3C8F2CADCE1}.Release|Any CPU.ActiveCfg = Release|Any CPU
		{AF0BF906-3FEF-488E-A735-E3C8F2CADCE1}.Release|Any CPU.Build.0 = Release|Any CPU
	EndGlobalSection
	GlobalSection(SolutionProperties) = preSolution
		HideSolutionNode = FALSE
	EndGlobalSection
	GlobalSection(ExtensibilityGlobals) = postSolution
		SolutionGuid = {0443F3D2-CA4D-43B8-9150-AF36F1BB9D55}
	EndGlobalSection
EndGlobal
